
Microsoft Visual Studio Solution File, Format Version 12.00
# Visual Studio Version 17
VisualStudioVersion = 17.7.34202.233
MinimumVisualStudioVersion = 10.0.40219.1
Project("{FAE04EC0-301F-11D3-BF4B-00C04F79EFBC}") = "Binaries", "Binaries\Binaries.csproj", "{448CF4FE-5CD9-4294-A79A-6AD7D074F5EF}"
EndProject
Global
	GlobalSection(SolutionConfigurationPlatforms) = preSolution
		Debug|Any CPU = Debug|Any CPU
		Release|Any CPU = Release|Any CPU
	EndGlobalSection
	GlobalSection(ProjectConfigurationPlatforms) = postSolution
		{448CF4FE-5CD9-4294-A79A-6AD7D074F5EF}.Debug|Any CPU.ActiveCfg = Debug|Any CPU
		{448CF4FE-5CD9-4294-A79A-6AD7D074F5EF}.Debug|Any CPU.Build.0 = Debug|Any CPU
		{448CF4FE-5CD9-4294-A79A-6AD7D074F5EF}.Release|Any CPU.ActiveCfg = Release|Any CPU
		{448CF4FE-5CD9-4294-A79A-6AD7D074F5EF}.Release|Any CPU.Build.0 = Release|Any CPU
	EndGlobalSection
	GlobalSection(SolutionProperties) = preSolution
		HideSolutionNode = FALSE
	EndGlobalSection
	GlobalSection(ExtensibilityGlobals) = postSolution
		SolutionGuid = {2E7220FA-F4FB-46C6-9FE1-5A0453B0FC50}
	EndGlobalSection
EndGlobal
